
Microsoft Visual Studio Solution File, Format Version 12.00
# Visual Studio Version 17
VisualStudioVersion = 17.4.33122.133
MinimumVisualStudioVersion = 10.0.40219.1
Project("{9A19103F-16F7-4668-BE54-9A1E7A4F7556}") = "NewAmericanFundingFunctionApp", "NewAmericanFundingFunctionApp.csproj", "{5F78CEE3-9B9A-43B8-8F5A-637446236F85}"
EndProject
Project("{9A19103F-16F7-4668-BE54-9A1E7A4F7556}") = "NewAmericanFunding.API", "..\NewAmericanFunding.API\NewAmericanFunding.API.csproj", "{B04F8937-5536-44B9-A33B-97399EA5C6D6}"
EndProject
Global
	GlobalSection(SolutionConfigurationPlatforms) = preSolution
		Debug|Any CPU = Debug|Any CPU
		Release|Any CPU = Release|Any CPU
	EndGlobalSection
	GlobalSection(ProjectConfigurationPlatforms) = postSolution
		{5F78CEE3-9B9A-43B8-8F5A-637446236F85}.Debug|Any CPU.ActiveCfg = Debug|Any CPU
		{5F78CEE3-9B9A-43B8-8F5A-637446236F85}.Debug|Any CPU.Build.0 = Debug|Any CPU
		{5F78CEE3-9B9A-43B8-8F5A-637446236F85}.Release|Any CPU.ActiveCfg = Release|Any CPU
		{5F78CEE3-9B9A-43B8-8F5A-637446236F85}.Release|Any CPU.Build.0 = Release|Any CPU
		{B04F8937-5536-44B9-A33B-97399EA5C6D6}.Debug|Any CPU.ActiveCfg = Debug|Any CPU
		{B04F8937-5536-44B9-A33B-97399EA5C6D6}.Debug|Any CPU.Build.0 = Debug|Any CPU
		{B04F8937-5536-44B9-A33B-97399EA5C6D6}.Release|Any CPU.ActiveCfg = Release|Any CPU
		{B04F8937-5536-44B9-A33B-97399EA5C6D6}.Release|Any CPU.Build.0 = Release|Any CPU
	EndGlobalSection
	GlobalSection(SolutionProperties) = preSolution
		HideSolutionNode = FALSE
	EndGlobalSection
	GlobalSection(ExtensibilityGlobals) = postSolution
		SolutionGuid = {942D73C0-0142-48F9-969D-C87D0323DEB9}
	EndGlobalSection
EndGlobal
